{
  "name": "nschedule",
  "version": "0.4.0",
  "lockfileVersion": 2,
  "requires": true,
  "packages": {
    "": {
      "name": "nschedule",
      "version": "0.4.0",
      "license": "MIT",
      "dependencies": {
        "nschedule": "^0.4.0",
        "priorityqueuejs": "0.1.0"
      }
    },
    "node_modules/nschedule": {
      "version": "0.4.0",
      "resolved": "https://registry.npmjs.org/nschedule/-/nschedule-0.4.0.tgz",
      "integrity": "sha1-Etg8pKaHR5Wv5SqUOXW8PxoapDg=",
      "dependencies": {
        "priorityqueuejs": "0.1.0"
      }
    },
    "node_modules/priorityqueuejs": {
      "version": "0.1.0",
      "resolved": "https://registry.npmjs.org/priorityqueuejs/-/priorityqueuejs-0.1.0.tgz",
      "integrity": "sha1-QXt+bhuqXRN5qScC//m+5HnTTAU="
    }
  },
  "dependencies": {
    "nschedule": {
      "version": "0.4.0",
      "resolved": "https://registry.npmjs.org/nschedule/-/nschedule-0.4.0.tgz",
      "integrity": "sha1-Etg8pKaHR5Wv5SqUOXW8PxoapDg=",
      "requires": {
        "priorityqueuejs": "0.1.0"
      }
    },
    "priorityqueuejs": {
      "version": "0.1.0",
      "resolved": "https://registry.npmjs.org/priorityqueuejs/-/priorityqueuejs-0.1.0.tgz",
      "integrity": "sha1-QXt+bhuqXRN5qScC//m+5HnTTAU="
    }
  }
}
